{
    "name": "bynixscript-extension",
    "version": "0.1.0",
    "lockfileVersion": 3,
    "requires": true,
    "packages": {
        "": {
            "name": "bynixscript-extension",
            "version": "0.1.0",
            "engines": {
                "vscode": "^1.22.0"
            }
        }
    }
}
